github.com/asecurityteam/rolling v2.0.4+incompatible h1:WOSeokINZT0IDzYGc5BVcjLlR9vPol08RvI2GAsmB0s=
github.com/asecurityteam/rolling v2.0.4+incompatible/go.mod h1:2D4ba5ZfYCWrIMleUgTvc8pmLExEuvu3PDwl+vnG58Q=
github.com/elazarl/goproxy v0.0.0-20210110162100-a92cc753f88e h1:/cwV7t2xezilMljIftb7WlFtzGANRCnoOhPjtl2ifcs=
github.com/elazarl/goproxy v0.0.0-20210110162100-a92cc753f88e/go.mod h1:Ro8st/ElPeALwNFlcTpWmkr6IoMFfkjXAvTHpevnDsM=
github.com/elazarl/goproxy/ext v0.0.0-20190711103511-473e67f1d7d2 h1:dWB6v3RcOy03t/bUadywsbyrQwCqZeNIEX6M1OtSZOM=
github.com/elazarl/goproxy/ext v0.0.0-20190711103511-473e67f1d7d2/go.mod h1:gNh8nYJoAm43RfaxurUnxr+N1PwuFV3ZMl/efxlIlY8=
github.com/prep/average v0.0.0-20200506183628-d26c465f48c3 h1:Y7qCvg282QmlyrVQuL2fgGwebuw7zvfnRym09r+dUGc=
github.com/prep/average v0.0.0-20200506183628-d26c465f48c3/go.mod h1:0ZE5gcyWKS151WBDIpmLshHY0l+3edpuKnBUWVVbWKk=
github.com/rogpeppe/go-charset v0.0.0-20180617210344-2471d30d28b4/go.mod h1:qgYeAmZ5ZIpBWTGllZSQnw97Dj+woV0toclVaRGI8pc=
